
Microsoft Visual Studio Solution File, Format Version 12.00
# Visual Studio 15
VisualStudioVersion = 15.0.27428.2005
MinimumVisualStudioVersion = 10.0.40219.1
Project("{FAE04EC0-301F-11D3-BF4B-00C04F79EFBC}") = "UserAgentParser", "UserAgentParser\UserAgentParser.csproj", "{D5C8D4A2-F2EC-46E7-89E7-473A4D4EDE1B}"
EndProject
Global
	GlobalSection(SolutionConfigurationPlatforms) = preSolution
		Debug|Any CPU = Debug|Any CPU
		Release|Any CPU = Release|Any CPU
	EndGlobalSection
	GlobalSection(ProjectConfigurationPlatforms) = postSolution
		{D5C8D4A2-F2EC-46E7-89E7-473A4D4EDE1B}.Debug|Any CPU.ActiveCfg = Debug|Any CPU
		{D5C8D4A2-F2EC-46E7-89E7-473A4D4EDE1B}.Debug|Any CPU.Build.0 = Debug|Any CPU
		{D5C8D4A2-F2EC-46E7-89E7-473A4D4EDE1B}.Release|Any CPU.ActiveCfg = Release|Any CPU
		{D5C8D4A2-F2EC-46E7-89E7-473A4D4EDE1B}.Release|Any CPU.Build.0 = Release|Any CPU
	EndGlobalSection
	GlobalSection(SolutionProperties) = preSolution
		HideSolutionNode = FALSE
	EndGlobalSection
	GlobalSection(ExtensibilityGlobals) = postSolution
		SolutionGuid = {BFD29B6B-1A14-4754-8987-5FCDF9BE6ECE}
	EndGlobalSection
EndGlobal
